// !$*UTF8*$!
{
	archiveVersion = 1;
	classes = {
	};
	objectVersion = 46;
	objects = {

/* Begin PBXBuildFile section */
		404A7C851EA97DAD004CB142 /* AppDelegate.swift in Sources */ = {isa = PBXBuildFile; fileRef = 404A7C841EA97DAD004CB142 /* AppDelegate.swift */; };
		404A7C871EA97DAD004CB142 /* ViewController.swift in Sources */ = {isa = PBXBuildFile; fileRef = 404A7C861EA97DAD004CB142 /* ViewController.swift */; };
		404A7C8A1EA97DAD004CB142 /* Main.storyboard in Resources */ = {isa = PBXBuildFile; fileRef = 404A7C881EA97DAD004CB142 /* Main.storyboard */; };
		404A7C8C1EA97DAD004CB142 /* Assets.xcassets in Resources */ = {isa = PBXBuildFile; fileRef = 404A7C8B1EA97DAD004CB142 /* Assets.xcassets */; };
		404A7C8F1EA97DAD004CB142 /* LaunchScreen.storyboard in Resources */ = {isa = PBXBuildFile; fileRef = 404A7C8D1EA97DAD004CB142 /* LaunchScreen.storyboard */; };
		A135A616268FB16700713E54 /* README.md in Resources */ = {isa = PBXBuildFile; fileRef = A135A610268FB16700713E54 /* README.md */; };
		A135A617268FB16700713E54 /* RELEASENOTE.md in Resources */ = {isa = PBXBuildFile; fileRef = A135A611268FB16700713E54 /* RELEASENOTE.md */; };
		A135A618268FB16700713E54 /* CONTRIBUTING.md in Resources */ = {isa = PBXBuildFile; fileRef = A135A612268FB16700713E54 /* CONTRIBUTING.md */; };
		A135A619268FB16700713E54 /* InstagramPhotos.podspec in Resources */ = {isa = PBXBuildFile; fileRef = A135A613268FB16700713E54 /* InstagramPhotos.podspec */; };
		A135A61A268FB16700713E54 /* LICENSE in Resources */ = {isa = PBXBuildFile; fileRef = A135A614268FB16700713E54 /* LICENSE */; };
		A14F1B1E2633F35600F5C6A6 /* squareMask@2x.png in Resources */ = {isa = PBXBuildFile; fileRef = A14F1B172633F35600F5C6A6 /* squareMask@2x.png */; };
		A14F1B1F2633F35600F5C6A6 /* InstagramPhotosLibraryView.xib in Resources */ = {isa = PBXBuildFile; fileRef = A14F1B182633F35600F5C6A6 /* InstagramPhotosLibraryView.xib */; };
		A14F1B202633F35600F5C6A6 /* InstagramPhotosImageCell.xib in Resources */ = {isa = PBXBuildFile; fileRef = A14F1B192633F35600F5C6A6 /* InstagramPhotosImageCell.xib */; };
		A14F1B212633F35600F5C6A6 /* InstagramPhotosAlbumView.xib in Resources */ = {isa = PBXBuildFile; fileRef = A14F1B1A2633F35600F5C6A6 /* InstagramPhotosAlbumView.xib */; };
		A14F1B222633F35600F5C6A6 /* squareMask@3x.png in Resources */ = {isa = PBXBuildFile; fileRef = A14F1B1B2633F35600F5C6A6 /* squareMask@3x.png */; };
		A14F1B232633F35600F5C6A6 /* InstagramPhotosAlbumViewCell.xib in Resources */ = {isa = PBXBuildFile; fileRef = A14F1B1C2633F35600F5C6A6 /* InstagramPhotosAlbumViewCell.xib */; };
		A14F1B242633F35600F5C6A6 /* InstagramPhotosPickingViewController.xib in Resources */ = {isa = PBXBuildFile; fileRef = A14F1B1D2633F35600F5C6A6 /* InstagramPhotosPickingViewController.xib */; };
		A14F1B2C2633F5BD00F5C6A6 /* InstagramPhotosAlbumViewCell.swift in Sources */ = {isa = PBXBuildFile; fileRef = A17F24A52633F0B0001D6BB8 /* InstagramPhotosAlbumViewCell.swift */; };
		A14F1B2F2633F5C100F5C6A6 /* InstagramPhotosAlbumView.swift in Sources */ = {isa = PBXBuildFile; fileRef = A17F24A62633F0B0001D6BB8 /* InstagramPhotosAlbumView.swift */; };
		A14F1B322633F5DE00F5C6A6 /* InstagramPhotosProgressView.swift in Sources */ = {isa = PBXBuildFile; fileRef = A17F24B12633F0B0001D6BB8 /* InstagramPhotosProgressView.swift */; };
		A14F1B352633F5E100F5C6A6 /* UIImage+Extension.swift in Sources */ = {isa = PBXBuildFile; fileRef = A17F24B22633F0B0001D6BB8 /* UIImage+Extension.swift */; };
		A14F1B382633F5E500F5C6A6 /* UIView+Extension.swift in Sources */ = {isa = PBXBuildFile; fileRef = A17F24B32633F0B0001D6BB8 /* UIView+Extension.swift */; };
		A14F1B3B2633F5E800F5C6A6 /* UIViewController+Extension.swift in Sources */ = {isa = PBXBuildFile; fileRef = A17F24B42633F0B0001D6BB8 /* UIViewController+Extension.swift */; };
		A14F1B3E2633F5EF00F5C6A6 /* InstagramPhotosAlbum.swift in Sources */ = {isa = PBXBuildFile; fileRef = A17F24AF2633F0B0001D6BB8 /* InstagramPhotosAlbum.swift */; };
		A14F1B412633F5F400F5C6A6 /* InstagramPhotosAlbumsProvider.swift in Sources */ = {isa = PBXBuildFile; fileRef = A17F24AB2633F0B0001D6BB8 /* InstagramPhotosAlbumsProvider.swift */; };
		A14F1B442633F5F800F5C6A6 /* InstagramPhotosAuthorization.swift in Sources */ = {isa = PBXBuildFile; fileRef = A17F24AC2633F0B0001D6BB8 /* InstagramPhotosAuthorization.swift */; };
		A14F1B472633F5FC00F5C6A6 /* InstagramPhotosLocalizations.swift in Sources */ = {isa = PBXBuildFile; fileRef = A17F24AD2633F0B0001D6BB8 /* InstagramPhotosLocalizations.swift */; };
		A14F1B4A2633F60000F5C6A6 /* InstagramPhotosLibraryView.swift in Sources */ = {isa = PBXBuildFile; fileRef = A17F24A82633F0B0001D6BB8 /* InstagramPhotosLibraryView.swift */; };
		A14F1B4D2633F60300F5C6A6 /* InstagramPhotosImageCell.swift in Sources */ = {isa = PBXBuildFile; fileRef = A17F24A92633F0B0001D6BB8 /* InstagramPhotosImageCell.swift */; };
		A17991AD2690FD1A0093CF16 /* color.bg@3x.png in Resources */ = {isa = PBXBuildFile; fileRef = A17991AB2690FD1A0093CF16 /* color.bg@3x.png */; };
		A17991AE2690FD1A0093CF16 /* color.bg@2x.png in Resources */ = {isa = PBXBuildFile; fileRef = A17991AC2690FD1A0093CF16 /* color.bg@2x.png */; };
		A17F248E2633F030001D6BB8 /* InstagramPhotos.framework in Frameworks */ = {isa = PBXBuildFile; fileRef = A17F24852633F030001D6BB8 /* InstagramPhotos.framework */; };
		A17F24972633F030001D6BB8 /* InstagramPhotos.h in Headers */ = {isa = PBXBuildFile; fileRef = A17F24872633F030001D6BB8 /* InstagramPhotos.h */; settings = {ATTRIBUTES = (Public, ); }; };
		A1B71E012636870800351153 /* InstagramPhotoDimensionalProvider.swift in Sources */ = {isa = PBXBuildFile; fileRef = A1B71E002636870800351153 /* InstagramPhotoDimensionalProvider.swift */; };
		A1B782332638C8A400647544 /* InstagramPhotosPickingViewController.swift in Sources */ = {isa = PBXBuildFile; fileRef = A1B782312638C8A400647544 /* InstagramPhotosPickingViewController.swift */; };
		A1B782342638C8A400647544 /* InstagramPhotosPickingInteractor.swift in Sources */ = {isa = PBXBuildFile; fileRef = A1B782322638C8A400647544 /* InstagramPhotosPickingInteractor.swift */; };
		A1BD7ADB26318FC800A54995 /* PhotosProvider.swift in Sources */ = {isa = PBXBuildFile; fileRef = A1BD7ADA26318FC800A54995 /* PhotosProvider.swift */; };
		A1DAA5FB268FF6D60053AF1B /* InstagramPhotosPickingInteractorTests.swift in Sources */ = {isa = PBXBuildFile; fileRef = A1AE8AE126538A3B00B5AD03 /* InstagramPhotosPickingInteractorTests.swift */; };
		A1DAA5FF268FF7690053AF1B /* Photos.framework in Frameworks */ = {isa = PBXBuildFile; fileRef = A1DAA5FE268FF7690053AF1B /* Photos.framework */; };
		A1DAA601268FF7720053AF1B /* PhotosUI.framework in Frameworks */ = {isa = PBXBuildFile; fileRef = A1DAA600268FF7720053AF1B /* PhotosUI.framework */; };
		A1DAA602268FFA0A0053AF1B /* InstagramPhotos.framework in Frameworks */ = {isa = PBXBuildFile; fileRef = A17F24852633F030001D6BB8 /* InstagramPhotos.framework */; };
/* End PBXBuildFile section */

/* Begin PBXContainerItemProxy section */
		A17F248F2633F030001D6BB8 /* PBXContainerItemProxy */ = {
			isa = PBXContainerItemProxy;
			containerPortal = 404A7C791EA97DAD004CB142 /* Project object */;
			proxyType = 1;
			remoteGlobalIDString = A17F24842633F030001D6BB8;
			remoteInfo = InstagramPhotosPodspec;
		};
		A17F24912633F030001D6BB8 /* PBXContainerItemProxy */ = {
			isa = PBXContainerItemProxy;
			containerPortal = 404A7C791EA97DAD004CB142 /* Project object */;
			proxyType = 1;
			remoteGlobalIDString = 404A7C801EA97DAD004CB142;
			remoteInfo = InstagramPhotos;
		};
		A1DAA604268FFA0A0053AF1B /* PBXContainerItemProxy */ = {
			isa = PBXContainerItemProxy;
			containerPortal = 404A7C791EA97DAD004CB142 /* Project object */;
			proxyType = 1;
			remoteGlobalIDString = A17F24842633F030001D6BB8;
			remoteInfo = InstagramPhotos;
		};
/* End PBXContainerItemProxy section */

/* Begin PBXFileReference section */
		404A7C811EA97DAD004CB142 /* InstagramPhotosApps.app */ = {isa = PBXFileReference; explicitFileType = wrapper.application; includeInIndex = 0; path = InstagramPhotosApps.app; sourceTree = BUILT_PRODUCTS_DIR; };
		404A7C841EA97DAD004CB142 /* AppDelegate.swift */ = {isa = PBXFileReference; lastKnownFileType = sourcecode.swift; path = AppDelegate.swift; sourceTree = "<group>"; };
		404A7C861EA97DAD004CB142 /* ViewController.swift */ = {isa = PBXFileReference; lastKnownFileType = sourcecode.swift; path = ViewController.swift; sourceTree = "<group>"; };
		404A7C891EA97DAD004CB142 /* Base */ = {isa = PBXFileReference; lastKnownFileType = file.storyboard; name = Base; path = Base.lproj/Main.storyboard; sourceTree = "<group>"; };
		404A7C8B1EA97DAD004CB142 /* Assets.xcassets */ = {isa = PBXFileReference; lastKnownFileType = folder.assetcatalog; path = Assets.xcassets; sourceTree = "<group>"; };
		404A7C8E1EA97DAD004CB142 /* Base */ = {isa = PBXFileReference; lastKnownFileType = file.storyboard; name = Base; path = Base.lproj/LaunchScreen.storyboard; sourceTree = "<group>"; };
		404A7C901EA97DAD004CB142 /* Info.plist */ = {isa = PBXFileReference; lastKnownFileType = text.plist.xml; path = Info.plist; sourceTree = "<group>"; };
		A11194932620C99600900236 /* InstagramPhotosApps.entitlements */ = {isa = PBXFileReference; lastKnownFileType = text.plist.entitlements; path = InstagramPhotosApps.entitlements; sourceTree = "<group>"; };
		A135A60F268FB16700713E54 /* Package.swift */ = {isa = PBXFileReference; fileEncoding = 4; lastKnownFileType = sourcecode.swift; name = Package.swift; path = ../Package.swift; sourceTree = "<group>"; };
		A135A610268FB16700713E54 /* README.md */ = {isa = PBXFileReference; fileEncoding = 4; lastKnownFileType = net.daringfireball.markdown; name = README.md; path = ../README.md; sourceTree = "<group>"; };
		A135A611268FB16700713E54 /* RELEASENOTE.md */ = {isa = PBXFileReference; fileEncoding = 4; lastKnownFileType = net.daringfireball.markdown; name = RELEASENOTE.md; path = ../RELEASENOTE.md; sourceTree = "<group>"; };
		A135A612268FB16700713E54 /* CONTRIBUTING.md */ = {isa = PBXFileReference; fileEncoding = 4; lastKnownFileType = net.daringfireball.markdown; name = CONTRIBUTING.md; path = ../CONTRIBUTING.md; sourceTree = "<group>"; };
		A135A613268FB16700713E54 /* InstagramPhotos.podspec */ = {isa = PBXFileReference; fileEncoding = 4; lastKnownFileType = text; name = InstagramPhotos.podspec; path = ../InstagramPhotos.podspec; sourceTree = "<group>"; };
		A135A614268FB16700713E54 /* LICENSE */ = {isa = PBXFileReference; fileEncoding = 4; lastKnownFileType = text; name = LICENSE; path = ../LICENSE; sourceTree = "<group>"; };
		A14F1B172633F35600F5C6A6 /* squareMask@2x.png */ = {isa = PBXFileReference; lastKnownFileType = image.png; path = "squareMask@2x.png"; sourceTree = "<group>"; };
		A14F1B182633F35600F5C6A6 /* InstagramPhotosLibraryView.xib */ = {isa = PBXFileReference; fileEncoding = 4; lastKnownFileType = file.xib; path = InstagramPhotosLibraryView.xib; sourceTree = "<group>"; };
		A14F1B192633F35600F5C6A6 /* InstagramPhotosImageCell.xib */ = {isa = PBXFileReference; fileEncoding = 4; lastKnownFileType = file.xib; path = InstagramPhotosImageCell.xib; sourceTree = "<group>"; };
		A14F1B1A2633F35600F5C6A6 /* InstagramPhotosAlbumView.xib */ = {isa = PBXFileReference; fileEncoding = 4; lastKnownFileType = file.xib; path = InstagramPhotosAlbumView.xib; sourceTree = "<group>"; };
		A14F1B1B2633F35600F5C6A6 /* squareMask@3x.png */ = {isa = PBXFileReference; lastKnownFileType = image.png; path = "squareMask@3x.png"; sourceTree = "<group>"; };
		A14F1B1C2633F35600F5C6A6 /* InstagramPhotosAlbumViewCell.xib */ = {isa = PBXFileReference; fileEncoding = 4; lastKnownFileType = file.xib; path = InstagramPhotosAlbumViewCell.xib; sourceTree = "<group>"; };
		A14F1B1D2633F35600F5C6A6 /* InstagramPhotosPickingViewController.xib */ = {isa = PBXFileReference; fileEncoding = 4; lastKnownFileType = file.xib; path = InstagramPhotosPickingViewController.xib; sourceTree = "<group>"; };
		A17991AB2690FD1A0093CF16 /* color.bg@3x.png */ = {isa = PBXFileReference; lastKnownFileType = image.png; path = "color.bg@3x.png"; sourceTree = "<group>"; };
		A17991AC2690FD1A0093CF16 /* color.bg@2x.png */ = {isa = PBXFileReference; lastKnownFileType = image.png; path = "color.bg@2x.png"; sourceTree = "<group>"; };
		A17F24852633F030001D6BB8 /* InstagramPhotos.framework */ = {isa = PBXFileReference; explicitFileType = wrapper.framework; includeInIndex = 0; path = InstagramPhotos.framework; sourceTree = BUILT_PRODUCTS_DIR; };
		A17F24872633F030001D6BB8 /* InstagramPhotos.h */ = {isa = PBXFileReference; lastKnownFileType = sourcecode.c.h; path = InstagramPhotos.h; sourceTree = "<group>"; };
		A17F24882633F030001D6BB8 /* Info.plist */ = {isa = PBXFileReference; lastKnownFileType = text.plist.xml; path = Info.plist; sourceTree = "<group>"; };
		A17F248D2633F030001D6BB8 /* InstagramPhotosTests.xctest */ = {isa = PBXFileReference; explicitFileType = wrapper.cfbundle; includeInIndex = 0; path = InstagramPhotosTests.xctest; sourceTree = BUILT_PRODUCTS_DIR; };
		A17F24962633F030001D6BB8 /* Info.plist */ = {isa = PBXFileReference; lastKnownFileType = text.plist.xml; path = Info.plist; sourceTree = "<group>"; };
		A17F24A52633F0B0001D6BB8 /* InstagramPhotosAlbumViewCell.swift */ = {isa = PBXFileReference; lastKnownFileType = sourcecode.swift; path = InstagramPhotosAlbumViewCell.swift; sourceTree = "<group>"; };
		A17F24A62633F0B0001D6BB8 /* InstagramPhotosAlbumView.swift */ = {isa = PBXFileReference; lastKnownFileType = sourcecode.swift; path = InstagramPhotosAlbumView.swift; sourceTree = "<group>"; };
		A17F24A82633F0B0001D6BB8 /* InstagramPhotosLibraryView.swift */ = {isa = PBXFileReference; lastKnownFileType = sourcecode.swift; path = InstagramPhotosLibraryView.swift; sourceTree = "<group>"; };
		A17F24A92633F0B0001D6BB8 /* InstagramPhotosImageCell.swift */ = {isa = PBXFileReference; lastKnownFileType = sourcecode.swift; path = InstagramPhotosImageCell.swift; sourceTree = "<group>"; };
		A17F24AB2633F0B0001D6BB8 /* InstagramPhotosAlbumsProvider.swift */ = {isa = PBXFileReference; lastKnownFileType = sourcecode.swift; path = InstagramPhotosAlbumsProvider.swift; sourceTree = "<group>"; };
		A17F24AC2633F0B0001D6BB8 /* InstagramPhotosAuthorization.swift */ = {isa = PBXFileReference; lastKnownFileType = sourcecode.swift; path = InstagramPhotosAuthorization.swift; sourceTree = "<group>"; };
		A17F24AD2633F0B0001D6BB8 /* InstagramPhotosLocalizations.swift */ = {isa = PBXFileReference; lastKnownFileType = sourcecode.swift; path = InstagramPhotosLocalizations.swift; sourceTree = "<group>"; };
		A17F24AF2633F0B0001D6BB8 /* InstagramPhotosAlbum.swift */ = {isa = PBXFileReference; lastKnownFileType = sourcecode.swift; path = InstagramPhotosAlbum.swift; sourceTree = "<group>"; };
		A17F24B12633F0B0001D6BB8 /* InstagramPhotosProgressView.swift */ = {isa = PBXFileReference; lastKnownFileType = sourcecode.swift; path = InstagramPhotosProgressView.swift; sourceTree = "<group>"; };
		A17F24B22633F0B0001D6BB8 /* UIImage+Extension.swift */ = {isa = PBXFileReference; lastKnownFileType = sourcecode.swift; path = "UIImage+Extension.swift"; sourceTree = "<group>"; };
		A17F24B32633F0B0001D6BB8 /* UIView+Extension.swift */ = {isa = PBXFileReference; lastKnownFileType = sourcecode.swift; path = "UIView+Extension.swift"; sourceTree = "<group>"; };
		A17F24B42633F0B0001D6BB8 /* UIViewController+Extension.swift */ = {isa = PBXFileReference; lastKnownFileType = sourcecode.swift; path = "UIViewController+Extension.swift"; sourceTree = "<group>"; };
		A1AE8AE126538A3B00B5AD03 /* InstagramPhotosPickingInteractorTests.swift */ = {isa = PBXFileReference; lastKnownFileType = sourcecode.swift; path = InstagramPhotosPickingInteractorTests.swift; sourceTree = "<group>"; };
		A1B71E002636870800351153 /* InstagramPhotoDimensionalProvider.swift */ = {isa = PBXFileReference; lastKnownFileType = sourcecode.swift; path = InstagramPhotoDimensionalProvider.swift; sourceTree = "<group>"; };
		A1B782312638C8A400647544 /* InstagramPhotosPickingViewController.swift */ = {isa = PBXFileReference; fileEncoding = 4; lastKnownFileType = sourcecode.swift; path = InstagramPhotosPickingViewController.swift; sourceTree = "<group>"; };
		A1B782322638C8A400647544 /* InstagramPhotosPickingInteractor.swift */ = {isa = PBXFileReference; fileEncoding = 4; lastKnownFileType = sourcecode.swift; path = InstagramPhotosPickingInteractor.swift; sourceTree = "<group>"; };
		A1BD7ADA26318FC800A54995 /* PhotosProvider.swift */ = {isa = PBXFileReference; lastKnownFileType = sourcecode.swift; path = PhotosProvider.swift; sourceTree = "<group>"; };
		A1DAA5FE268FF7690053AF1B /* Photos.framework */ = {isa = PBXFileReference; lastKnownFileType = wrapper.framework; name = Photos.framework; path = System/Library/Frameworks/Photos.framework; sourceTree = SDKROOT; };
		A1DAA600268FF7720053AF1B /* PhotosUI.framework */ = {isa = PBXFileReference; lastKnownFileType = wrapper.framework; name = PhotosUI.framework; path = System/Library/Frameworks/PhotosUI.framework; sourceTree = SDKROOT; };
/* End PBXFileReference section */

/* Begin PBXFrameworksBuildPhase section */
		404A7C7E1EA97DAD004CB142 /* Frameworks */ = {
			isa = PBXFrameworksBuildPhase;
			buildActionMask = 2147483647;
			files = (
				A1DAA602268FFA0A0053AF1B /* InstagramPhotos.framework in Frameworks */,
			);
			runOnlyForDeploymentPostprocessing = 0;
		};
		A17F24822633F030001D6BB8 /* Frameworks */ = {
			isa = PBXFrameworksBuildPhase;
			buildActionMask = 2147483647;
			files = (
				A1DAA5FF268FF7690053AF1B /* Photos.framework in Frameworks */,
				A1DAA601268FF7720053AF1B /* PhotosUI.framework in Frameworks */,
			);
			runOnlyForDeploymentPostprocessing = 0;
		};
		A17F248A2633F030001D6BB8 /* Frameworks */ = {
			isa = PBXFrameworksBuildPhase;
			buildActionMask = 2147483647;
			files = (
				A17F248E2633F030001D6BB8 /* InstagramPhotos.framework in Frameworks */,
			);
			runOnlyForDeploymentPostprocessing = 0;
		};
/* End PBXFrameworksBuildPhase section */

/* Begin PBXGroup section */
		404A7C781EA97DAD004CB142 = {
			isa = PBXGroup;
			children = (
				A135A60E268FB14900713E54 /* Deployment */,
				404A7C831EA97DAD004CB142 /* InstagramPhotosApps */,
				A17F24862633F030001D6BB8 /* InstagramPhotos */,
				A17F24932633F030001D6BB8 /* InstagramPhotosTests */,
				404A7C821EA97DAD004CB142 /* Products */,
				9B7800C651537CC8CC8A1041 /* Frameworks */,
			);
			sourceTree = "<group>";
		};
		404A7C821EA97DAD004CB142 /* Products */ = {
			isa = PBXGroup;
			children = (
				404A7C811EA97DAD004CB142 /* InstagramPhotosApps.app */,
				A17F24852633F030001D6BB8 /* InstagramPhotos.framework */,
				A17F248D2633F030001D6BB8 /* InstagramPhotosTests.xctest */,
			);
			name = Products;
			sourceTree = "<group>";
		};
		404A7C831EA97DAD004CB142 /* InstagramPhotosApps */ = {
			isa = PBXGroup;
			children = (
				A11194932620C99600900236 /* InstagramPhotosApps.entitlements */,
				404A7C841EA97DAD004CB142 /* AppDelegate.swift */,
				404A7C861EA97DAD004CB142 /* ViewController.swift */,
				A1BD7ADA26318FC800A54995 /* PhotosProvider.swift */,
				404A7C881EA97DAD004CB142 /* Main.storyboard */,
				404A7C8B1EA97DAD004CB142 /* Assets.xcassets */,
				404A7C8D1EA97DAD004CB142 /* LaunchScreen.storyboard */,
				404A7C901EA97DAD004CB142 /* Info.plist */,
			);
			path = InstagramPhotosApps;
			sourceTree = "<group>";
		};
		9B7800C651537CC8CC8A1041 /* Frameworks */ = {
			isa = PBXGroup;
			children = (
				A1DAA600268FF7720053AF1B /* PhotosUI.framework */,
				A1DAA5FE268FF7690053AF1B /* Photos.framework */,
			);
			name = Frameworks;
			sourceTree = "<group>";
		};
		A135A60E268FB14900713E54 /* Deployment */ = {
			isa = PBXGroup;
			children = (
				A135A612268FB16700713E54 /* CONTRIBUTING.md */,
				A135A613268FB16700713E54 /* InstagramPhotos.podspec */,
				A135A614268FB16700713E54 /* LICENSE */,
				A135A60F268FB16700713E54 /* Package.swift */,
				A135A610268FB16700713E54 /* README.md */,
				A135A611268FB16700713E54 /* RELEASENOTE.md */,
			);
			name = Deployment;
			sourceTree = "<group>";
		};
		A14F1B162633F32100F5C6A6 /* Resources */ = {
			isa = PBXGroup;
			children = (
				A14F1B1D2633F35600F5C6A6 /* InstagramPhotosPickingViewController.xib */,
				A14F1B1C2633F35600F5C6A6 /* InstagramPhotosAlbumViewCell.xib */,
				A14F1B1A2633F35600F5C6A6 /* InstagramPhotosAlbumView.xib */,
				A14F1B192633F35600F5C6A6 /* InstagramPhotosImageCell.xib */,
				A14F1B182633F35600F5C6A6 /* InstagramPhotosLibraryView.xib */,
				A17991AC2690FD1A0093CF16 /* color.bg@2x.png */,
				A17991AB2690FD1A0093CF16 /* color.bg@3x.png */,
				A14F1B172633F35600F5C6A6 /* squareMask@2x.png */,
				A14F1B1B2633F35600F5C6A6 /* squareMask@3x.png */,
			);
			path = Resources;
			sourceTree = "<group>";
		};
		A17F24862633F030001D6BB8 /* InstagramPhotos */ = {
			isa = PBXGroup;
			children = (
				A17F24872633F030001D6BB8 /* InstagramPhotos.h */,
				A17F24882633F030001D6BB8 /* Info.plist */,
				A1B782302638C7EB00647544 /* Classes */,
				A14F1B162633F32100F5C6A6 /* Resources */,
			);
			path = InstagramPhotos;
			sourceTree = "<group>";
		};
		A17F24932633F030001D6BB8 /* InstagramPhotosTests */ = {
			isa = PBXGroup;
			children = (
				A1AE8AE126538A3B00B5AD03 /* InstagramPhotosPickingInteractorTests.swift */,
				A17F24962633F030001D6BB8 /* Info.plist */,
			);
			path = InstagramPhotosTests;
			sourceTree = "<group>";
		};
		A17F24A72633F0B0001D6BB8 /* Album */ = {
			isa = PBXGroup;
			children = (
				A17F24A52633F0B0001D6BB8 /* InstagramPhotosAlbumViewCell.swift */,
				A17F24A62633F0B0001D6BB8 /* InstagramPhotosAlbumView.swift */,
			);
			path = Album;
			sourceTree = "<group>";
		};
		A17F24AA2633F0B0001D6BB8 /* Library */ = {
			isa = PBXGroup;
			children = (
				A17F24A82633F0B0001D6BB8 /* InstagramPhotosLibraryView.swift */,
				A17F24A92633F0B0001D6BB8 /* InstagramPhotosImageCell.swift */,
			);
			path = Library;
			sourceTree = "<group>";
		};
		A17F24AE2633F0B0001D6BB8 /* Provider */ = {
			isa = PBXGroup;
			children = (
				A17F24AB2633F0B0001D6BB8 /* InstagramPhotosAlbumsProvider.swift */,
				A17F24AC2633F0B0001D6BB8 /* InstagramPhotosAuthorization.swift */,
				A17F24AD2633F0B0001D6BB8 /* InstagramPhotosLocalizations.swift */,
				A1B71E002636870800351153 /* InstagramPhotoDimensionalProvider.swift */,
			);
			path = Provider;
			sourceTree = "<group>";
		};
		A17F24B02633F0B0001D6BB8 /* Model */ = {
			isa = PBXGroup;
			children = (
				A17F24AF2633F0B0001D6BB8 /* InstagramPhotosAlbum.swift */,
			);
			path = Model;
			sourceTree = "<group>";
		};
		A17F24B52633F0B0001D6BB8 /* Tools */ = {
			isa = PBXGroup;
			children = (
				A17F24B12633F0B0001D6BB8 /* InstagramPhotosProgressView.swift */,
				A17F24B22633F0B0001D6BB8 /* UIImage+Extension.swift */,
				A17F24B32633F0B0001D6BB8 /* UIView+Extension.swift */,
				A17F24B42633F0B0001D6BB8 /* UIViewController+Extension.swift */,
			);
			path = Tools;
			sourceTree = "<group>";
		};
		A17F24D52633F288001D6BB8 /* Controller */ = {
			isa = PBXGroup;
			children = (
				A1B782322638C8A400647544 /* InstagramPhotosPickingInteractor.swift */,
				A1B782312638C8A400647544 /* InstagramPhotosPickingViewController.swift */,
			);
			path = Controller;
			sourceTree = "<group>";
		};
		A1B782302638C7EB00647544 /* Classes */ = {
			isa = PBXGroup;
			children = (
				A17F24D52633F288001D6BB8 /* Controller */,
				A17F24B52633F0B0001D6BB8 /* Tools */,
				A17F24A72633F0B0001D6BB8 /* Album */,
				A17F24B02633F0B0001D6BB8 /* Model */,
				A17F24AE2633F0B0001D6BB8 /* Provider */,
				A17F24AA2633F0B0001D6BB8 /* Library */,
			);
			path = Classes;
			sourceTree = "<group>";
		};
/* End PBXGroup section */

/* Begin PBXHeadersBuildPhase section */
		A17F24802633F030001D6BB8 /* Headers */ = {
			isa = PBXHeadersBuildPhase;
			buildActionMask = 2147483647;
			files = (
				A17F24972633F030001D6BB8 /* InstagramPhotos.h in Headers */,
			);
			runOnlyForDeploymentPostprocessing = 0;
		};
/* End PBXHeadersBuildPhase section */

/* Begin PBXNativeTarget section */
		404A7C801EA97DAD004CB142 /* InstagramPhotosApps */ = {
			isa = PBXNativeTarget;
			buildConfigurationList = 404A7C931EA97DAD004CB142 /* Build configuration list for PBXNativeTarget "InstagramPhotosApps" */;
			buildPhases = (
				404A7C7D1EA97DAD004CB142 /* Sources */,
				404A7C7E1EA97DAD004CB142 /* Frameworks */,
				404A7C7F1EA97DAD004CB142 /* Resources */,
			);
			buildRules = (
			);
			dependencies = (
				A1DAA605268FFA0A0053AF1B /* PBXTargetDependency */,
			);
			name = InstagramPhotosApps;
			productName = Demo;
			productReference = 404A7C811EA97DAD004CB142 /* InstagramPhotosApps.app */;
			productType = "com.apple.product-type.application";
		};
		A17F24842633F030001D6BB8 /* InstagramPhotos */ = {
			isa = PBXNativeTarget;
			buildConfigurationList = A17F24A12633F030001D6BB8 /* Build configuration list for PBXNativeTarget "InstagramPhotos" */;
			buildPhases = (
				A17F24802633F030001D6BB8 /* Headers */,
				A17F24812633F030001D6BB8 /* Sources */,
				A17F24822633F030001D6BB8 /* Frameworks */,
				A17F24832633F030001D6BB8 /* Resources */,
			);
			buildRules = (
			);
			dependencies = (
			);
			name = InstagramPhotos;
			productName = InstagramPhotosPodspec;
			productReference = A17F24852633F030001D6BB8 /* InstagramPhotos.framework */;
			productType = "com.apple.product-type.framework";
		};
		A17F248C2633F030001D6BB8 /* InstagramPhotosTests */ = {
			isa = PBXNativeTarget;
			buildConfigurationList = A17F24A22633F030001D6BB8 /* Build configuration list for PBXNativeTarget "InstagramPhotosTests" */;
			buildPhases = (
				A17F24892633F030001D6BB8 /* Sources */,
				A17F248A2633F030001D6BB8 /* Frameworks */,
				A17F248B2633F030001D6BB8 /* Resources */,
			);
			buildRules = (
			);
			dependencies = (
				A17F24902633F030001D6BB8 /* PBXTargetDependency */,
				A17F24922633F030001D6BB8 /* PBXTargetDependency */,
			);
			name = InstagramPhotosTests;
			productName = InstagramPhotosPodspecTests;
			productReference = A17F248D2633F030001D6BB8 /* InstagramPhotosTests.xctest */;
			productType = "com.apple.product-type.bundle.unit-test";
		};
/* End PBXNativeTarget section */

/* Begin PBXProject section */
		404A7C791EA97DAD004CB142 /* Project object */ = {
			isa = PBXProject;
			attributes = {
				LastSwiftUpdateCheck = 1250;
				LastUpgradeCheck = 1250;
				ORGANIZATIONNAME = "Sweetman, Inc";
				TargetAttributes = {
					404A7C801EA97DAD004CB142 = {
						CreatedOnToolsVersion = 8.3;
						DevelopmentTeam = 92A277ZDK2;
						ProvisioningStyle = Automatic;
					};
					A17F24842633F030001D6BB8 = {
						CreatedOnToolsVersion = 12.4;
						DevelopmentTeam = 92A277ZDK2;
						LastSwiftMigration = 1240;
						ProvisioningStyle = Automatic;
					};
					A17F248C2633F030001D6BB8 = {
						CreatedOnToolsVersion = 12.4;
						ProvisioningStyle = Automatic;
						TestTargetID = 404A7C801EA97DAD004CB142;
					};
				};
			};
			buildConfigurationList = 404A7C7C1EA97DAD004CB142 /* Build configuration list for PBXProject "InstagramPhotos" */;
			compatibilityVersion = "Xcode 3.2";
			developmentRegion = en;
			hasScannedForEncodings = 0;
			knownRegions = (
				en,
				Base,
			);
			mainGroup = 404A7C781EA97DAD004CB142;
			productRefGroup = 404A7C821EA97DAD004CB142 /* Products */;
			projectDirPath = "";
			projectRoot = "";
			targets = (
				404A7C801EA97DAD004CB142 /* InstagramPhotosApps */,
				A17F24842633F030001D6BB8 /* InstagramPhotos */,
				A17F248C2633F030001D6BB8 /* InstagramPhotosTests */,
			);
		};
/* End PBXProject section */

/* Begin PBXResourcesBuildPhase section */
		404A7C7F1EA97DAD004CB142 /* Resources */ = {
			isa = PBXResourcesBuildPhase;
			buildActionMask = 2147483647;
			files = (
				404A7C8F1EA97DAD004CB142 /* LaunchScreen.storyboard in Resources */,
				404A7C8C1EA97DAD004CB142 /* Assets.xcassets in Resources */,
				A135A61A268FB16700713E54 /* LICENSE in Resources */,
				A135A618268FB16700713E54 /* CONTRIBUTING.md in Resources */,
				A135A616268FB16700713E54 /* README.md in Resources */,
				A135A619268FB16700713E54 /* InstagramPhotos.podspec in Resources */,
				A135A617268FB16700713E54 /* RELEASENOTE.md in Resources */,
				404A7C8A1EA97DAD004CB142 /* Main.storyboard in Resources */,
			);
			runOnlyForDeploymentPostprocessing = 0;
		};
		A17F24832633F030001D6BB8 /* Resources */ = {
			isa = PBXResourcesBuildPhase;
			buildActionMask = 2147483647;
			files = (
				A14F1B232633F35600F5C6A6 /* InstagramPhotosAlbumViewCell.xib in Resources */,
				A14F1B222633F35600F5C6A6 /* squareMask@3x.png in Resources */,
				A14F1B242633F35600F5C6A6 /* InstagramPhotosPickingViewController.xib in Resources */,
				A17991AD2690FD1A0093CF16 /* color.bg@3x.png in Resources */,
				A14F1B1E2633F35600F5C6A6 /* squareMask@2x.png in Resources */,
				A14F1B1F2633F35600F5C6A6 /* InstagramPhotosLibraryView.xib in Resources */,
				A17991AE2690FD1A0093CF16 /* color.bg@2x.png in Resources */,
				A14F1B202633F35600F5C6A6 /* InstagramPhotosImageCell.xib in Resources */,
				A14F1B212633F35600F5C6A6 /* InstagramPhotosAlbumView.xib in Resources */,
			);
			runOnlyForDeploymentPostprocessing = 0;
		};
		A17F248B2633F030001D6BB8 /* Resources */ = {
			isa = PBXResourcesBuildPhase;
			buildActionMask = 2147483647;
			files = (
			);
			runOnlyForDeploymentPostprocessing = 0;
		};
/* End PBXResourcesBuildPhase section */

/* Begin PBXSourcesBuildPhase section */
		404A7C7D1EA97DAD004CB142 /* Sources */ = {
			isa = PBXSourcesBuildPhase;
			buildActionMask = 2147483647;
			files = (
				404A7C871EA97DAD004CB142 /* ViewController.swift in Sources */,
				404A7C851EA97DAD004CB142 /* AppDelegate.swift in Sources */,
				A1BD7ADB26318FC800A54995 /* PhotosProvider.swift in Sources */,
			);
			runOnlyForDeploymentPostprocessing = 0;
		};
		A17F24812633F030001D6BB8 /* Sources */ = {
			isa = PBXSourcesBuildPhase;
			buildActionMask = 2147483647;
			files = (
				A1B71E012636870800351153 /* InstagramPhotoDimensionalProvider.swift in Sources */,
				A14F1B472633F5FC00F5C6A6 /* InstagramPhotosLocalizations.swift in Sources */,
				A14F1B3E2633F5EF00F5C6A6 /* InstagramPhotosAlbum.swift in Sources */,
				A14F1B3B2633F5E800F5C6A6 /* UIViewController+Extension.swift in Sources */,
				A14F1B4A2633F60000F5C6A6 /* InstagramPhotosLibraryView.swift in Sources */,
				A14F1B442633F5F800F5C6A6 /* InstagramPhotosAuthorization.swift in Sources */,
				A14F1B4D2633F60300F5C6A6 /* InstagramPhotosImageCell.swift in Sources */,
				A1B782342638C8A400647544 /* InstagramPhotosPickingInteractor.swift in Sources */,
				A14F1B412633F5F400F5C6A6 /* InstagramPhotosAlbumsProvider.swift in Sources */,
				A14F1B382633F5E500F5C6A6 /* UIView+Extension.swift in Sources */,
				A14F1B2C2633F5BD00F5C6A6 /* InstagramPhotosAlbumViewCell.swift in Sources */,
				A1B782332638C8A400647544 /* InstagramPhotosPickingViewController.swift in Sources */,
				A14F1B352633F5E100F5C6A6 /* UIImage+Extension.swift in Sources */,
				A14F1B2F2633F5C100F5C6A6 /* InstagramPhotosAlbumView.swift in Sources */,
				A14F1B322633F5DE00F5C6A6 /* InstagramPhotosProgressView.swift in Sources */,
			);
			runOnlyForDeploymentPostprocessing = 0;
		};
		A17F24892633F030001D6BB8 /* Sources */ = {
			isa = PBXSourcesBuildPhase;
			buildActionMask = 2147483647;
			files = (
				A1DAA5FB268FF6D60053AF1B /* InstagramPhotosPickingInteractorTests.swift in Sources */,
			);
			runOnlyForDeploymentPostprocessing = 0;
		};
/* End PBXSourcesBuildPhase section */

/* Begin PBXTargetDependency section */
		A17F24902633F030001D6BB8 /* PBXTargetDependency */ = {
			isa = PBXTargetDependency;
			target = A17F24842633F030001D6BB8 /* InstagramPhotos */;
			targetProxy = A17F248F2633F030001D6BB8 /* PBXContainerItemProxy */;
		};
		A17F24922633F030001D6BB8 /* PBXTargetDependency */ = {
			isa = PBXTargetDependency;
			target = 404A7C801EA97DAD004CB142 /* InstagramPhotosApps */;
			targetProxy = A17F24912633F030001D6BB8 /* PBXContainerItemProxy */;
		};
		A1DAA605268FFA0A0053AF1B /* PBXTargetDependency */ = {
			isa = PBXTargetDependency;
			target = A17F24842633F030001D6BB8 /* InstagramPhotos */;
			targetProxy = A1DAA604268FFA0A0053AF1B /* PBXContainerItemProxy */;
		};
/* End PBXTargetDependency section */

/* Begin PBXVariantGroup section */
		404A7C881EA97DAD004CB142 /* Main.storyboard */ = {
			isa = PBXVariantGroup;
			children = (
				404A7C891EA97DAD004CB142 /* Base */,
			);
			name = Main.storyboard;
			sourceTree = "<group>";
		};
		404A7C8D1EA97DAD004CB142 /* LaunchScreen.storyboard */ = {
			isa = PBXVariantGroup;
			children = (
				404A7C8E1EA97DAD004CB142 /* Base */,
			);
			name = LaunchScreen.storyboard;
			sourceTree = "<group>";
		};
/* End PBXVariantGroup section */

/* Begin XCBuildConfiguration section */
		404A7C911EA97DAD004CB142 /* Debug */ = {
			isa = XCBuildConfiguration;
			buildSettings = {
				ALWAYS_SEARCH_USER_PATHS = NO;
				CLANG_ANALYZER_LOCALIZABILITY_NONLOCALIZED = YES;
				CLANG_ANALYZER_NONNULL = YES;
				CLANG_ANALYZER_NUMBER_OBJECT_CONVERSION = YES_AGGRESSIVE;
				CLANG_CXX_LANGUAGE_STANDARD = "gnu++0x";
				CLANG_CXX_LIBRARY = "libc++";
				CLANG_ENABLE_MODULES = YES;
				CLANG_ENABLE_OBJC_ARC = YES;
				CLANG_WARN_BLOCK_CAPTURE_AUTORELEASING = YES;
				CLANG_WARN_BOOL_CONVERSION = YES;
				CLANG_WARN_COMMA = YES;
				CLANG_WARN_CONSTANT_CONVERSION = YES;
				CLANG_WARN_DEPRECATED_OBJC_IMPLEMENTATIONS = YES;
				CLANG_WARN_DIRECT_OBJC_ISA_USAGE = YES_ERROR;
				CLANG_WARN_DOCUMENTATION_COMMENTS = YES;
				CLANG_WARN_EMPTY_BODY = YES;
				CLANG_WARN_ENUM_CONVERSION = YES;
				CLANG_WARN_INFINITE_RECURSION = YES;
				CLANG_WARN_INT_CONVERSION = YES;
				CLANG_WARN_NON_LITERAL_NULL_CONVERSION = YES;
				CLANG_WARN_OBJC_IMPLICIT_RETAIN_SELF = YES;
				CLANG_WARN_OBJC_LITERAL_CONVERSION = YES;
				CLANG_WARN_OBJC_ROOT_CLASS = YES_ERROR;
				CLANG_WARN_QUOTED_INCLUDE_IN_FRAMEWORK_HEADER = YES;
				CLANG_WARN_RANGE_LOOP_ANALYSIS = YES;
				CLANG_WARN_STRICT_PROTOTYPES = YES;
				CLANG_WARN_SUSPICIOUS_MOVE = YES;
				CLANG_WARN_UNREACHABLE_CODE = YES;
				CLANG_WARN__DUPLICATE_METHOD_MATCH = YES;
				"CODE_SIGN_IDENTITY[sdk=iphoneos*]" = "iPhone Developer";
				COPY_PHASE_STRIP = NO;
				DEBUG_INFORMATION_FORMAT = dwarf;
				ENABLE_STRICT_OBJC_MSGSEND = YES;
				ENABLE_TESTABILITY = YES;
				GCC_C_LANGUAGE_STANDARD = gnu99;
				GCC_DYNAMIC_NO_PIC = NO;
				GCC_NO_COMMON_BLOCKS = YES;
				GCC_OPTIMIZATION_LEVEL = 0;
				GCC_PREPROCESSOR_DEFINITIONS = (
					"DEBUG=1",
					"$(inherited)",
				);
				GCC_WARN_64_TO_32_BIT_CONVERSION = YES;
				GCC_WARN_ABOUT_RETURN_TYPE = YES_ERROR;
				GCC_WARN_UNDECLARED_SELECTOR = YES;
				GCC_WARN_UNINITIALIZED_AUTOS = YES_AGGRESSIVE;
				GCC_WARN_UNUSED_FUNCTION = YES;
				GCC_WARN_UNUSED_VARIABLE = YES;
				IPHONEOS_DEPLOYMENT_TARGET = 12.0;
				MTL_ENABLE_DEBUG_INFO = YES;
				ONLY_ACTIVE_ARCH = YES;
				SDKROOT = iphoneos;
				SWIFT_ACTIVE_COMPILATION_CONDITIONS = DEBUG;
				SWIFT_OPTIMIZATION_LEVEL = "-Onone";
				SWIFT_VERSION = 5.0;
				TARGETED_DEVICE_FAMILY = "1,2";
			};
			name = Debug;
		};
		404A7C921EA97DAD004CB142 /* Release */ = {
			isa = XCBuildConfiguration;
			buildSettings = {
				ALWAYS_SEARCH_USER_PATHS = NO;
				CLANG_ANALYZER_LOCALIZABILITY_NONLOCALIZED = YES;
				CLANG_ANALYZER_NONNULL = YES;
				CLANG_ANALYZER_NUMBER_OBJECT_CONVERSION = YES_AGGRESSIVE;
				CLANG_CXX_LANGUAGE_STANDARD = "gnu++0x";
				CLANG_CXX_LIBRARY = "libc++";
				CLANG_ENABLE_MODULES = YES;
				CLANG_ENABLE_OBJC_ARC = YES;
				CLANG_WARN_BLOCK_CAPTURE_AUTORELEASING = YES;
				CLANG_WARN_BOOL_CONVERSION = YES;
				CLANG_WARN_COMMA = YES;
				CLANG_WARN_CONSTANT_CONVERSION = YES;
				CLANG_WARN_DEPRECATED_OBJC_IMPLEMENTATIONS = YES;
				CLANG_WARN_DIRECT_OBJC_ISA_USAGE = YES_ERROR;
				CLANG_WARN_DOCUMENTATION_COMMENTS = YES;
				CLANG_WARN_EMPTY_BODY = YES;
				CLANG_WARN_ENUM_CONVERSION = YES;
				CLANG_WARN_INFINITE_RECURSION = YES;
				CLANG_WARN_INT_CONVERSION = YES;
				CLANG_WARN_NON_LITERAL_NULL_CONVERSION = YES;
				CLANG_WARN_OBJC_IMPLICIT_RETAIN_SELF = YES;
				CLANG_WARN_OBJC_LITERAL_CONVERSION = YES;
				CLANG_WARN_OBJC_ROOT_CLASS = YES_ERROR;
				CLANG_WARN_QUOTED_INCLUDE_IN_FRAMEWORK_HEADER = YES;
				CLANG_WARN_RANGE_LOOP_ANALYSIS = YES;
				CLANG_WARN_STRICT_PROTOTYPES = YES;
				CLANG_WARN_SUSPICIOUS_MOVE = YES;
				CLANG_WARN_UNREACHABLE_CODE = YES;
				CLANG_WARN__DUPLICATE_METHOD_MATCH = YES;
				"CODE_SIGN_IDENTITY[sdk=iphoneos*]" = "iPhone Developer";
				COPY_PHASE_STRIP = NO;
				DEBUG_INFORMATION_FORMAT = "dwarf-with-dsym";
				ENABLE_NS_ASSERTIONS = NO;
				ENABLE_STRICT_OBJC_MSGSEND = YES;
				GCC_C_LANGUAGE_STANDARD = gnu99;
				GCC_NO_COMMON_BLOCKS = YES;
				GCC_WARN_64_TO_32_BIT_CONVERSION = YES;
				GCC_WARN_ABOUT_RETURN_TYPE = YES_ERROR;
				GCC_WARN_UNDECLARED_SELECTOR = YES;
				GCC_WARN_UNINITIALIZED_AUTOS = YES_AGGRESSIVE;
				GCC_WARN_UNUSED_FUNCTION = YES;
				GCC_WARN_UNUSED_VARIABLE = YES;
				IPHONEOS_DEPLOYMENT_TARGET = 12.0;
				MTL_ENABLE_DEBUG_INFO = NO;
				SDKROOT = iphoneos;
				SWIFT_OPTIMIZATION_LEVEL = "-Owholemodule";
				SWIFT_VERSION = 5.0;
				TARGETED_DEVICE_FAMILY = "1,2";
				VALIDATE_PRODUCT = YES;
			};
			name = Release;
		};
		404A7C941EA97DAD004CB142 /* Debug */ = {
			isa = XCBuildConfiguration;
			buildSettings = {
				ASSETCATALOG_COMPILER_APPICON_NAME = AppIcon;
				CODE_SIGN_ENTITLEMENTS = InstagramPhotosApps/InstagramPhotosApps.entitlements;
				CODE_SIGN_IDENTITY = "Apple Development";
				CODE_SIGN_STYLE = Automatic;
				CURRENT_PROJECT_VERSION = 1;
				DEVELOPMENT_TEAM = 92A277ZDK2;
				INFOPLIST_FILE = "$(SRCROOT)/InstagramPhotosApps/Info.plist";
				IPHONEOS_DEPLOYMENT_TARGET = 12.0;
				LD_RUNPATH_SEARCH_PATHS = "$(inherited) @executable_path/Frameworks";
				MARKETING_VERSION = 1.0.0;
				PRODUCT_BUNDLE_IDENTIFIER = me.sweetman.instagramphotosapps;
				PRODUCT_NAME = "$(TARGET_NAME)";
				PROVISIONING_PROFILE_SPECIFIER = "";
				SUPPORTS_MACCATALYST = NO;
				SWIFT_VERSION = 5.0;
				TARGETED_DEVICE_FAMILY = "1,2";
			};
			name = Debug;
		};
		404A7C951EA97DAD004CB142 /* Release */ = {
			isa = XCBuildConfiguration;
			buildSettings = {
				ASSETCATALOG_COMPILER_APPICON_NAME = AppIcon;
				CODE_SIGN_ENTITLEMENTS = InstagramPhotosApps/InstagramPhotosApps.entitlements;
				CODE_SIGN_IDENTITY = "Apple Development";
				CODE_SIGN_STYLE = Automatic;
				CURRENT_PROJECT_VERSION = 1;
				DEVELOPMENT_TEAM = 92A277ZDK2;
				INFOPLIST_FILE = "$(SRCROOT)/InstagramPhotosApps/Info.plist";
				IPHONEOS_DEPLOYMENT_TARGET = 12.0;
				LD_RUNPATH_SEARCH_PATHS = "$(inherited) @executable_path/Frameworks";
				MARKETING_VERSION = 1.0.0;
				PRODUCT_BUNDLE_IDENTIFIER = me.sweetman.instagramphotosapps;
				PRODUCT_NAME = "$(TARGET_NAME)";
				PROVISIONING_PROFILE_SPECIFIER = "";
				SUPPORTS_MACCATALYST = NO;
				SWIFT_VERSION = 5.0;
				TARGETED_DEVICE_FAMILY = "1,2";
			};
			name = Release;
		};
		A17F249D2633F030001D6BB8 /* Debug */ = {
			isa = XCBuildConfiguration;
			buildSettings = {
				CLANG_CXX_LANGUAGE_STANDARD = "gnu++14";
				CLANG_ENABLE_MODULES = YES;
				CLANG_ENABLE_OBJC_WEAK = YES;
				CLANG_WARN_UNGUARDED_AVAILABILITY = YES_AGGRESSIVE;
				CODE_SIGN_IDENTITY = "Apple Development";
				CODE_SIGN_STYLE = Automatic;
				CURRENT_PROJECT_VERSION = 1;
				DEFINES_MODULE = YES;
				DEVELOPMENT_TEAM = 92A277ZDK2;
				DYLIB_COMPATIBILITY_VERSION = 1;
				DYLIB_CURRENT_VERSION = 1;
				DYLIB_INSTALL_NAME_BASE = "@rpath";
				GCC_C_LANGUAGE_STANDARD = gnu11;
				INFOPLIST_FILE = InstagramPhotos/Info.plist;
				INSTALL_PATH = "$(LOCAL_LIBRARY_DIR)/Frameworks";
				IPHONEOS_DEPLOYMENT_TARGET = 12.0;
				LD_RUNPATH_SEARCH_PATHS = "$(inherited) @executable_path/Frameworks @loader_path/Frameworks";
				MARKETING_VERSION = 2.0.3;
				MTL_ENABLE_DEBUG_INFO = INCLUDE_SOURCE;
				MTL_FAST_MATH = YES;
				PRODUCT_BUNDLE_IDENTIFIER = me.sweetman.instagramphotos;
				PRODUCT_NAME = "$(TARGET_NAME:c99extidentifier)";
				SKIP_INSTALL = YES;
				SUPPORTS_MACCATALYST = NO;
				SWIFT_OPTIMIZATION_LEVEL = "-Onone";
				SWIFT_VERSION = 5.0;
				TARGETED_DEVICE_FAMILY = "1,2";
				VERSIONING_SYSTEM = "apple-generic";
				VERSION_INFO_PREFIX = "";
			};
			name = Debug;
		};
		A17F249E2633F030001D6BB8 /* Release */ = {
			isa = XCBuildConfiguration;
			buildSettings = {
				CLANG_CXX_LANGUAGE_STANDARD = "gnu++14";
				CLANG_ENABLE_MODULES = YES;
				CLANG_ENABLE_OBJC_WEAK = YES;
				CLANG_WARN_UNGUARDED_AVAILABILITY = YES_AGGRESSIVE;
				CODE_SIGN_IDENTITY = "Apple Development";
				CODE_SIGN_STYLE = Automatic;
				CURRENT_PROJECT_VERSION = 1;
				DEFINES_MODULE = YES;
				DEVELOPMENT_TEAM = 92A277ZDK2;
				DYLIB_COMPATIBILITY_VERSION = 1;
				DYLIB_CURRENT_VERSION = 1;
				DYLIB_INSTALL_NAME_BASE = "@rpath";
				GCC_C_LANGUAGE_STANDARD = gnu11;
				INFOPLIST_FILE = InstagramPhotos/Info.plist;
				INSTALL_PATH = "$(LOCAL_LIBRARY_DIR)/Frameworks";
				IPHONEOS_DEPLOYMENT_TARGET = 12.0;
				LD_RUNPATH_SEARCH_PATHS = "$(inherited) @executable_path/Frameworks @loader_path/Frameworks";
				MARKETING_VERSION = 2.0.3;
				MTL_FAST_MATH = YES;
				PRODUCT_BUNDLE_IDENTIFIER = me.sweetman.instagramphotos;
				PRODUCT_NAME = "$(TARGET_NAME:c99extidentifier)";
				SKIP_INSTALL = YES;
				SUPPORTS_MACCATALYST = NO;
				SWIFT_VERSION = 5.0;
				TARGETED_DEVICE_FAMILY = "1,2";
				VERSIONING_SYSTEM = "apple-generic";
				VERSION_INFO_PREFIX = "";
			};
			name = Release;
		};
		A17F249F2633F030001D6BB8 /* Debug */ = {
			isa = XCBuildConfiguration;
			buildSettings = {
				ALWAYS_EMBED_SWIFT_STANDARD_LIBRARIES = YES;
				CLANG_CXX_LANGUAGE_STANDARD = "gnu++14";
				CLANG_ENABLE_OBJC_WEAK = YES;
				CLANG_WARN_UNGUARDED_AVAILABILITY = YES_AGGRESSIVE;
				CODE_SIGN_STYLE = Automatic;
				GCC_C_LANGUAGE_STANDARD = gnu11;
				INFOPLIST_FILE = InstagramPhotosTests/Info.plist;
				IPHONEOS_DEPLOYMENT_TARGET = 14.4;
				LD_RUNPATH_SEARCH_PATHS = "$(inherited) @executable_path/Frameworks @loader_path/Frameworks";
				MTL_ENABLE_DEBUG_INFO = INCLUDE_SOURCE;
				MTL_FAST_MATH = YES;
				PRODUCT_BUNDLE_IDENTIFIER = me.sweetman.instagramPhotos.InstagramPhotosTests;
				PRODUCT_NAME = "$(TARGET_NAME)";
				SWIFT_VERSION = 5.0;
				TARGETED_DEVICE_FAMILY = "1,2";
				TEST_HOST = "$(BUILT_PRODUCTS_DIR)/InstagramPhotosApps.app/InstagramPhotosApps";
			};
			name = Debug;
		};
		A17F24A02633F030001D6BB8 /* Release */ = {
			isa = XCBuildConfiguration;
			buildSettings = {
				ALWAYS_EMBED_SWIFT_STANDARD_LIBRARIES = YES;
				CLANG_CXX_LANGUAGE_STANDARD = "gnu++14";
				CLANG_ENABLE_OBJC_WEAK = YES;
				CLANG_WARN_UNGUARDED_AVAILABILITY = YES_AGGRESSIVE;
				CODE_SIGN_STYLE = Automatic;
				GCC_C_LANGUAGE_STANDARD = gnu11;
				INFOPLIST_FILE = InstagramPhotosTests/Info.plist;
				IPHONEOS_DEPLOYMENT_TARGET = 14.4;
				LD_RUNPATH_SEARCH_PATHS = "$(inherited) @executable_path/Frameworks @loader_path/Frameworks";
				MTL_FAST_MATH = YES;
				PRODUCT_BUNDLE_IDENTIFIER = me.sweetman.instagramPhotos.InstagramPhotosTests;
				PRODUCT_NAME = "$(TARGET_NAME)";
				SWIFT_VERSION = 5.0;
				TARGETED_DEVICE_FAMILY = "1,2";
				TEST_HOST = "$(BUILT_PRODUCTS_DIR)/InstagramPhotosApps.app/InstagramPhotosApps";
			};
			name = Release;
		};
/* End XCBuildConfiguration section */

/* Begin XCConfigurationList section */
		404A7C7C1EA97DAD004CB142 /* Build configuration list for PBXProject "InstagramPhotos" */ = {
			isa = XCConfigurationList;
			buildConfigurations = (
				404A7C911EA97DAD004CB142 /* Debug */,
				404A7C921EA97DAD004CB142 /* Release */,
			);
			defaultConfigurationIsVisible = 0;
			defaultConfigurationName = Release;
		};
		404A7C931EA97DAD004CB142 /* Build configuration list for PBXNativeTarget "InstagramPhotosApps" */ = {
			isa = XCConfigurationList;
			buildConfigurations = (
				404A7C941EA97DAD004CB142 /* Debug */,
				404A7C951EA97DAD004CB142 /* Release */,
			);
			defaultConfigurationIsVisible = 0;
			defaultConfigurationName = Release;
		};
		A17F24A12633F030001D6BB8 /* Build configuration list for PBXNativeTarget "InstagramPhotos" */ = {
			isa = XCConfigurationList;
			buildConfigurations = (
				A17F249D2633F030001D6BB8 /* Debug */,
				A17F249E2633F030001D6BB8 /* Release */,
			);
			defaultConfigurationIsVisible = 0;
			defaultConfigurationName = Release;
		};
		A17F24A22633F030001D6BB8 /* Build configuration list for PBXNativeTarget "InstagramPhotosTests" */ = {
			isa = XCConfigurationList;
			buildConfigurations = (
				A17F249F2633F030001D6BB8 /* Debug */,
				A17F24A02633F030001D6BB8 /* Release */,
			);
			defaultConfigurationIsVisible = 0;
			defaultConfigurationName = Release;
		};
/* End XCConfigurationList section */
	};
	rootObject = 404A7C791EA97DAD004CB142 /* Project object */;
}
