PODS:
  - SMInstagramPhotoPicker (0.3.8)

DEPENDENCIES:
  - SMInstagramPhotoPicker

SPEC REPOS:
  https://github.com/cocoapods/specs.git:
    - SMInstagramPhotoPicker

SPEC CHECKSUMS:
  SMInstagramPhotoPicker: fe1787661ba400b660e11e80b9996d53de859712

PODFILE CHECKSUM: bf1d7617a38a940b7ace0b6e138ff0f34fa18dc4

COCOAPODS: 1.5.2
